{
  "name": "Dockerfhir",
  "lockfileVersion": 3,
  "requires": true,
  "packages": {
    "": {
      "dependencies": {
        "hl7.fhir.r4.examples": "^4.0.1"
      }
    },
    "node_modules/hl7.fhir.r4.examples": {
      "version": "4.0.1",
      "resolved": "https://packages.simplifier.net/hl7.fhir.r4.examples/4.0.1",
      "integrity": "sha1-7w6kNknQX/JGtHHK1Fg7Zi8fJ7U="
    }
  }
}
